# This file is automatically @generated by Cargo.
# It is not intended for manual editing.
version = 3

[[package]]
name = "rust_audit"
version = "0.1.0"

[[package]]
name = "rust_integrity"
version = "0.1.0"

[[package]]
name = "rust_jit"
version = "0.1.0"

[[package]]
name = "rust_state"
version = "0.1.0"

[[package]]
name = "rust_strings"
version = "0.1.0"

[[package]]
name = "rust_vm1"
version = "0.1.0"

[[package]]
name = "rust_vm2"
version = "0.1.0"

[[package]]
name = "vmp-macros"
version = "0.1.0"
